// !$*UTF8*$!
{
	archiveVersion = 1;
	classes = {
	};
	objectVersion = 55;
	objects = {

/* Begin PBXBuildFile section */
		898CB71D28550054008C8B47 /* AppDelegate.swift in Sources */ = {isa = PBXBuildFile; fileRef = 898CB71C28550054008C8B47 /* AppDelegate.swift */; };
		898CB71F28550054008C8B47 /* SceneDelegate.swift in Sources */ = {isa = PBXBuildFile; fileRef = 898CB71E28550054008C8B47 /* SceneDelegate.swift */; };
		898CB72428550054008C8B47 /* Main.storyboard in Resources */ = {isa = PBXBuildFile; fileRef = 898CB72228550054008C8B47 /* Main.storyboard */; };
		898CB72628550056008C8B47 /* Assets.xcassets in Resources */ = {isa = PBXBuildFile; fileRef = 898CB72528550056008C8B47 /* Assets.xcassets */; };
		898CB72928550056008C8B47 /* LaunchScreen.storyboard in Resources */ = {isa = PBXBuildFile; fileRef = 898CB72728550056008C8B47 /* LaunchScreen.storyboard */; };
		898CB73428550057008C8B47 /* PokedexTests.swift in Sources */ = {isa = PBXBuildFile; fileRef = 898CB73328550057008C8B47 /* PokedexTests.swift */; };
		898CB73E28550057008C8B47 /* PokedexUITests.swift in Sources */ = {isa = PBXBuildFile; fileRef = 898CB73D28550057008C8B47 /* PokedexUITests.swift */; };
		898CB74028550057008C8B47 /* PokedexUITestsLaunchTests.swift in Sources */ = {isa = PBXBuildFile; fileRef = 898CB73F28550057008C8B47 /* PokedexUITestsLaunchTests.swift */; };
		898CB753285500D8008C8B47 /* PokedexPresenter.swift in Sources */ = {isa = PBXBuildFile; fileRef = 898CB74D285500D8008C8B47 /* PokedexPresenter.swift */; };
		898CB754285500D8008C8B47 /* PokedexRouter.swift in Sources */ = {isa = PBXBuildFile; fileRef = 898CB74E285500D8008C8B47 /* PokedexRouter.swift */; };
		898CB755285500D8008C8B47 /* PokedexViewController.swift in Sources */ = {isa = PBXBuildFile; fileRef = 898CB74F285500D8008C8B47 /* PokedexViewController.swift */; };
		898CB756285500D8008C8B47 /* PokedexProtocols.swift in Sources */ = {isa = PBXBuildFile; fileRef = 898CB750285500D8008C8B47 /* PokedexProtocols.swift */; };
		898CB757285500D8008C8B47 /* PokedexInteractor.swift in Sources */ = {isa = PBXBuildFile; fileRef = 898CB751285500D8008C8B47 /* PokedexInteractor.swift */; };
		898CB758285500D8008C8B47 /* PokedexViewController.xib in Resources */ = {isa = PBXBuildFile; fileRef = 898CB752285500D8008C8B47 /* PokedexViewController.xib */; };
		898CB75F285501EB008C8B47 /* ApiError.swift in Sources */ = {isa = PBXBuildFile; fileRef = 898CB75A285501EB008C8B47 /* ApiError.swift */; };
		898CB760285501EB008C8B47 /* ApiError.swift in Sources */ = {isa = PBXBuildFile; fileRef = 898CB75A285501EB008C8B47 /* ApiError.swift */; };
		898CB761285501EB008C8B47 /* Endpoint.swift in Sources */ = {isa = PBXBuildFile; fileRef = 898CB75B285501EB008C8B47 /* Endpoint.swift */; };
		898CB762285501EB008C8B47 /* Endpoint.swift in Sources */ = {isa = PBXBuildFile; fileRef = 898CB75B285501EB008C8B47 /* Endpoint.swift */; };
		898CB763285501EB008C8B47 /* PokedexClient.swift in Sources */ = {isa = PBXBuildFile; fileRef = 898CB75C285501EB008C8B47 /* PokedexClient.swift */; };
		898CB764285501EB008C8B47 /* PokedexClient.swift in Sources */ = {isa = PBXBuildFile; fileRef = 898CB75C285501EB008C8B47 /* PokedexClient.swift */; };
		898CB765285501EC008C8B47 /* ApiClient.swift in Sources */ = {isa = PBXBuildFile; fileRef = 898CB75D285501EB008C8B47 /* ApiClient.swift */; };
		898CB766285501EC008C8B47 /* ApiClient.swift in Sources */ = {isa = PBXBuildFile; fileRef = 898CB75D285501EB008C8B47 /* ApiClient.swift */; };
		898CB767285501EC008C8B47 /* PokedexFeed.swift in Sources */ = {isa = PBXBuildFile; fileRef = 898CB75E285501EB008C8B47 /* PokedexFeed.swift */; };
		898CB768285501EC008C8B47 /* PokedexFeed.swift in Sources */ = {isa = PBXBuildFile; fileRef = 898CB75E285501EB008C8B47 /* PokedexFeed.swift */; };
		898CB76B2855039A008C8B47 /* PokedexResult.swift in Sources */ = {isa = PBXBuildFile; fileRef = 898CB76A2855039A008C8B47 /* PokedexResult.swift */; };
		898CB76C2855039A008C8B47 /* PokedexResult.swift in Sources */ = {isa = PBXBuildFile; fileRef = 898CB76A2855039A008C8B47 /* PokedexResult.swift */; };
		898CB770285503F3008C8B47 /* PokemonCollectionViewCell.swift in Sources */ = {isa = PBXBuildFile; fileRef = 898CB76E285503F3008C8B47 /* PokemonCollectionViewCell.swift */; };
		898CB771285503F3008C8B47 /* PokemonCollectionViewCell.swift in Sources */ = {isa = PBXBuildFile; fileRef = 898CB76E285503F3008C8B47 /* PokemonCollectionViewCell.swift */; };
		898CB772285503F3008C8B47 /* PokemonCollectionViewCell.xib in Resources */ = {isa = PBXBuildFile; fileRef = 898CB76F285503F3008C8B47 /* PokemonCollectionViewCell.xib */; };
		898CB773285503F3008C8B47 /* PokemonCollectionViewCell.xib in Resources */ = {isa = PBXBuildFile; fileRef = 898CB76F285503F3008C8B47 /* PokemonCollectionViewCell.xib */; };
		898CB777285506EB008C8B47 /* UIImageViewExtension.swift in Sources */ = {isa = PBXBuildFile; fileRef = 898CB776285506EB008C8B47 /* UIImageViewExtension.swift */; };
		898CB778285506EB008C8B47 /* UIImageViewExtension.swift in Sources */ = {isa = PBXBuildFile; fileRef = 898CB776285506EB008C8B47 /* UIImageViewExtension.swift */; };
		898CB77A28550709008C8B47 /* ImageStore.swift in Sources */ = {isa = PBXBuildFile; fileRef = 898CB77928550709008C8B47 /* ImageStore.swift */; };
		898CB77B28550709008C8B47 /* ImageStore.swift in Sources */ = {isa = PBXBuildFile; fileRef = 898CB77928550709008C8B47 /* ImageStore.swift */; };
		898CB78328555D04008C8B47 /* PokemonDetailPresenter.swift in Sources */ = {isa = PBXBuildFile; fileRef = 898CB77D28555D04008C8B47 /* PokemonDetailPresenter.swift */; };
		898CB78428555D04008C8B47 /* PokemonDetailPresenter.swift in Sources */ = {isa = PBXBuildFile; fileRef = 898CB77D28555D04008C8B47 /* PokemonDetailPresenter.swift */; };
		898CB78528555D04008C8B47 /* PokemonDetailRouter.swift in Sources */ = {isa = PBXBuildFile; fileRef = 898CB77E28555D04008C8B47 /* PokemonDetailRouter.swift */; };
		898CB78628555D04008C8B47 /* PokemonDetailRouter.swift in Sources */ = {isa = PBXBuildFile; fileRef = 898CB77E28555D04008C8B47 /* PokemonDetailRouter.swift */; };
		898CB78728555D04008C8B47 /* PokemonDetailViewController.swift in Sources */ = {isa = PBXBuildFile; fileRef = 898CB77F28555D04008C8B47 /* PokemonDetailViewController.swift */; };
		898CB78828555D04008C8B47 /* PokemonDetailViewController.swift in Sources */ = {isa = PBXBuildFile; fileRef = 898CB77F28555D04008C8B47 /* PokemonDetailViewController.swift */; };
		898CB78928555D04008C8B47 /* PokemonDetailProtocols.swift in Sources */ = {isa = PBXBuildFile; fileRef = 898CB78028555D04008C8B47 /* PokemonDetailProtocols.swift */; };
		898CB78A28555D04008C8B47 /* PokemonDetailProtocols.swift in Sources */ = {isa = PBXBuildFile; fileRef = 898CB78028555D04008C8B47 /* PokemonDetailProtocols.swift */; };
		898CB78B28555D04008C8B47 /* PokemonDetailInteractor.swift in Sources */ = {isa = PBXBuildFile; fileRef = 898CB78128555D04008C8B47 /* PokemonDetailInteractor.swift */; };
		898CB78C28555D04008C8B47 /* PokemonDetailInteractor.swift in Sources */ = {isa = PBXBuildFile; fileRef = 898CB78128555D04008C8B47 /* PokemonDetailInteractor.swift */; };
		898CB78D28555D04008C8B47 /* PokemonDetailViewController.xib in Resources */ = {isa = PBXBuildFile; fileRef = 898CB78228555D04008C8B47 /* PokemonDetailViewController.xib */; };
		898CB78E28555D04008C8B47 /* PokemonDetailViewController.xib in Resources */ = {isa = PBXBuildFile; fileRef = 898CB78228555D04008C8B47 /* PokemonDetailViewController.xib */; };
		898CB7902855606E008C8B47 /* PokemonDetail.swift in Sources */ = {isa = PBXBuildFile; fileRef = 898CB78F2855606E008C8B47 /* PokemonDetail.swift */; };
		898CB7912855606E008C8B47 /* PokemonDetail.swift in Sources */ = {isa = PBXBuildFile; fileRef = 898CB78F2855606E008C8B47 /* PokemonDetail.swift */; };
		898CB7952855B471008C8B47 /* PokemonTypeCollectionViewCell.swift in Sources */ = {isa = PBXBuildFile; fileRef = 898CB7932855B471008C8B47 /* PokemonTypeCollectionViewCell.swift */; };
		898CB7962855B471008C8B47 /* PokemonTypeCollectionViewCell.swift in Sources */ = {isa = PBXBuildFile; fileRef = 898CB7932855B471008C8B47 /* PokemonTypeCollectionViewCell.swift */; };
		898CB7972855B471008C8B47 /* PokemonTypeCollectionViewCell.xib in Resources */ = {isa = PBXBuildFile; fileRef = 898CB7942855B471008C8B47 /* PokemonTypeCollectionViewCell.xib */; };
		898CB7982855B471008C8B47 /* PokemonTypeCollectionViewCell.xib in Resources */ = {isa = PBXBuildFile; fileRef = 898CB7942855B471008C8B47 /* PokemonTypeCollectionViewCell.xib */; };
		898CB79B2855B6F7008C8B47 /* TypesCollectionViewDataSource.swift in Sources */ = {isa = PBXBuildFile; fileRef = 898CB79A2855B6F7008C8B47 /* TypesCollectionViewDataSource.swift */; };
		898CB79C2855B6F7008C8B47 /* TypesCollectionViewDataSource.swift in Sources */ = {isa = PBXBuildFile; fileRef = 898CB79A2855B6F7008C8B47 /* TypesCollectionViewDataSource.swift */; };
		898CB79E2855B70A008C8B47 /* TypesCollectionViewDelegate.swift in Sources */ = {isa = PBXBuildFile; fileRef = 898CB79D2855B70A008C8B47 /* TypesCollectionViewDelegate.swift */; };
		898CB79F2855B70A008C8B47 /* TypesCollectionViewDelegate.swift in Sources */ = {isa = PBXBuildFile; fileRef = 898CB79D2855B70A008C8B47 /* TypesCollectionViewDelegate.swift */; };
		898CB7A12855B81E008C8B47 /* TypesDelegate.swift in Sources */ = {isa = PBXBuildFile; fileRef = 898CB7A02855B81E008C8B47 /* TypesDelegate.swift */; };
		898CB7A22855B81E008C8B47 /* TypesDelegate.swift in Sources */ = {isa = PBXBuildFile; fileRef = 898CB7A02855B81E008C8B47 /* TypesDelegate.swift */; };
/* End PBXBuildFile section */

/* Begin PBXContainerItemProxy section */
		898CB73028550057008C8B47 /* PBXContainerItemProxy */ = {
			isa = PBXContainerItemProxy;
			containerPortal = 898CB71128550054008C8B47 /* Project object */;
			proxyType = 1;
			remoteGlobalIDString = 898CB71828550054008C8B47;
			remoteInfo = Pokedex;
		};
		898CB73A28550057008C8B47 /* PBXContainerItemProxy */ = {
			isa = PBXContainerItemProxy;
			containerPortal = 898CB71128550054008C8B47 /* Project object */;
			proxyType = 1;
			remoteGlobalIDString = 898CB71828550054008C8B47;
			remoteInfo = Pokedex;
		};
/* End PBXContainerItemProxy section */

/* Begin PBXFileReference section */
		898CB71928550054008C8B47 /* Pokedex.app */ = {isa = PBXFileReference; explicitFileType = wrapper.application; includeInIndex = 0; path = Pokedex.app; sourceTree = BUILT_PRODUCTS_DIR; };
		898CB71C28550054008C8B47 /* AppDelegate.swift */ = {isa = PBXFileReference; lastKnownFileType = sourcecode.swift; path = AppDelegate.swift; sourceTree = "<group>"; };
		898CB71E28550054008C8B47 /* SceneDelegate.swift */ = {isa = PBXFileReference; lastKnownFileType = sourcecode.swift; path = SceneDelegate.swift; sourceTree = "<group>"; };
		898CB72328550054008C8B47 /* Base */ = {isa = PBXFileReference; lastKnownFileType = file.storyboard; name = Base; path = Base.lproj/Main.storyboard; sourceTree = "<group>"; };
		898CB72528550056008C8B47 /* Assets.xcassets */ = {isa = PBXFileReference; lastKnownFileType = folder.assetcatalog; path = Assets.xcassets; sourceTree = "<group>"; };
		898CB72828550056008C8B47 /* Base */ = {isa = PBXFileReference; lastKnownFileType = file.storyboard; name = Base; path = Base.lproj/LaunchScreen.storyboard; sourceTree = "<group>"; };
		898CB72A28550056008C8B47 /* Info.plist */ = {isa = PBXFileReference; lastKnownFileType = text.plist.xml; path = Info.plist; sourceTree = "<group>"; };
		898CB72F28550057008C8B47 /* PokedexTests.xctest */ = {isa = PBXFileReference; explicitFileType = wrapper.cfbundle; includeInIndex = 0; path = PokedexTests.xctest; sourceTree = BUILT_PRODUCTS_DIR; };
		898CB73328550057008C8B47 /* PokedexTests.swift */ = {isa = PBXFileReference; lastKnownFileType = sourcecode.swift; path = PokedexTests.swift; sourceTree = "<group>"; };
		898CB73928550057008C8B47 /* PokedexUITests.xctest */ = {isa = PBXFileReference; explicitFileType = wrapper.cfbundle; includeInIndex = 0; path = PokedexUITests.xctest; sourceTree = BUILT_PRODUCTS_DIR; };
		898CB73D28550057008C8B47 /* PokedexUITests.swift */ = {isa = PBXFileReference; lastKnownFileType = sourcecode.swift; path = PokedexUITests.swift; sourceTree = "<group>"; };
		898CB73F28550057008C8B47 /* PokedexUITestsLaunchTests.swift */ = {isa = PBXFileReference; lastKnownFileType = sourcecode.swift; path = PokedexUITestsLaunchTests.swift; sourceTree = "<group>"; };
		898CB74D285500D8008C8B47 /* PokedexPresenter.swift */ = {isa = PBXFileReference; lastKnownFileType = sourcecode.swift; path = PokedexPresenter.swift; sourceTree = "<group>"; };
		898CB74E285500D8008C8B47 /* PokedexRouter.swift */ = {isa = PBXFileReference; lastKnownFileType = sourcecode.swift; path = PokedexRouter.swift; sourceTree = "<group>"; };
		898CB74F285500D8008C8B47 /* PokedexViewController.swift */ = {isa = PBXFileReference; lastKnownFileType = sourcecode.swift; path = PokedexViewController.swift; sourceTree = "<group>"; };
		898CB750285500D8008C8B47 /* PokedexProtocols.swift */ = {isa = PBXFileReference; lastKnownFileType = sourcecode.swift; path = PokedexProtocols.swift; sourceTree = "<group>"; };
		898CB751285500D8008C8B47 /* PokedexInteractor.swift */ = {isa = PBXFileReference; lastKnownFileType = sourcecode.swift; path = PokedexInteractor.swift; sourceTree = "<group>"; };
		898CB752285500D8008C8B47 /* PokedexViewController.xib */ = {isa = PBXFileReference; lastKnownFileType = file.xib; path = PokedexViewController.xib; sourceTree = "<group>"; };
		898CB75A285501EB008C8B47 /* ApiError.swift */ = {isa = PBXFileReference; fileEncoding = 4; lastKnownFileType = sourcecode.swift; path = ApiError.swift; sourceTree = "<group>"; };
		898CB75B285501EB008C8B47 /* Endpoint.swift */ = {isa = PBXFileReference; fileEncoding = 4; lastKnownFileType = sourcecode.swift; path = Endpoint.swift; sourceTree = "<group>"; };
		898CB75C285501EB008C8B47 /* PokedexClient.swift */ = {isa = PBXFileReference; fileEncoding = 4; lastKnownFileType = sourcecode.swift; path = PokedexClient.swift; sourceTree = "<group>"; };
		898CB75D285501EB008C8B47 /* ApiClient.swift */ = {isa = PBXFileReference; fileEncoding = 4; lastKnownFileType = sourcecode.swift; path = ApiClient.swift; sourceTree = "<group>"; };
		898CB75E285501EB008C8B47 /* PokedexFeed.swift */ = {isa = PBXFileReference; fileEncoding = 4; lastKnownFileType = sourcecode.swift; path = PokedexFeed.swift; sourceTree = "<group>"; };
		898CB76A2855039A008C8B47 /* PokedexResult.swift */ = {isa = PBXFileReference; lastKnownFileType = sourcecode.swift; path = PokedexResult.swift; sourceTree = "<group>"; };
		898CB76E285503F3008C8B47 /* PokemonCollectionViewCell.swift */ = {isa = PBXFileReference; lastKnownFileType = sourcecode.swift; path = PokemonCollectionViewCell.swift; sourceTree = "<group>"; };
		898CB76F285503F3008C8B47 /* PokemonCollectionViewCell.xib */ = {isa = PBXFileReference; lastKnownFileType = file.xib; path = PokemonCollectionViewCell.xib; sourceTree = "<group>"; };
		898CB776285506EB008C8B47 /* UIImageViewExtension.swift */ = {isa = PBXFileReference; fileEncoding = 4; lastKnownFileType = sourcecode.swift; path = UIImageViewExtension.swift; sourceTree = "<group>"; };
		898CB77928550709008C8B47 /* ImageStore.swift */ = {isa = PBXFileReference; fileEncoding = 4; lastKnownFileType = sourcecode.swift; path = ImageStore.swift; sourceTree = "<group>"; };
		898CB77D28555D04008C8B47 /* PokemonDetailPresenter.swift */ = {isa = PBXFileReference; lastKnownFileType = sourcecode.swift; path = PokemonDetailPresenter.swift; sourceTree = "<group>"; };
		898CB77E28555D04008C8B47 /* PokemonDetailRouter.swift */ = {isa = PBXFileReference; lastKnownFileType = sourcecode.swift; path = PokemonDetailRouter.swift; sourceTree = "<group>"; };
		898CB77F28555D04008C8B47 /* PokemonDetailViewController.swift */ = {isa = PBXFileReference; lastKnownFileType = sourcecode.swift; path = PokemonDetailViewController.swift; sourceTree = "<group>"; };
		898CB78028555D04008C8B47 /* PokemonDetailProtocols.swift */ = {isa = PBXFileReference; lastKnownFileType = sourcecode.swift; path = PokemonDetailProtocols.swift; sourceTree = "<group>"; };
		898CB78128555D04008C8B47 /* PokemonDetailInteractor.swift */ = {isa = PBXFileReference; lastKnownFileType = sourcecode.swift; path = PokemonDetailInteractor.swift; sourceTree = "<group>"; };
		898CB78228555D04008C8B47 /* PokemonDetailViewController.xib */ = {isa = PBXFileReference; lastKnownFileType = file.xib; path = PokemonDetailViewController.xib; sourceTree = "<group>"; };
		898CB78F2855606E008C8B47 /* PokemonDetail.swift */ = {isa = PBXFileReference; lastKnownFileType = sourcecode.swift; path = PokemonDetail.swift; sourceTree = "<group>"; };
		898CB7932855B471008C8B47 /* PokemonTypeCollectionViewCell.swift */ = {isa = PBXFileReference; lastKnownFileType = sourcecode.swift; path = PokemonTypeCollectionViewCell.swift; sourceTree = "<group>"; };
		898CB7942855B471008C8B47 /* PokemonTypeCollectionViewCell.xib */ = {isa = PBXFileReference; lastKnownFileType = file.xib; path = PokemonTypeCollectionViewCell.xib; sourceTree = "<group>"; };
		898CB79A2855B6F7008C8B47 /* TypesCollectionViewDataSource.swift */ = {isa = PBXFileReference; lastKnownFileType = sourcecode.swift; path = TypesCollectionViewDataSource.swift; sourceTree = "<group>"; };
		898CB79D2855B70A008C8B47 /* TypesCollectionViewDelegate.swift */ = {isa = PBXFileReference; lastKnownFileType = sourcecode.swift; path = TypesCollectionViewDelegate.swift; sourceTree = "<group>"; };
		898CB7A02855B81E008C8B47 /* TypesDelegate.swift */ = {isa = PBXFileReference; lastKnownFileType = sourcecode.swift; path = TypesDelegate.swift; sourceTree = "<group>"; };
/* End PBXFileReference section */

/* Begin PBXFrameworksBuildPhase section */
		898CB71628550054008C8B47 /* Frameworks */ = {
			isa = PBXFrameworksBuildPhase;
			buildActionMask = 2147483647;
			files = (
			);
			runOnlyForDeploymentPostprocessing = 0;
		};
		898CB72C28550057008C8B47 /* Frameworks */ = {
			isa = PBXFrameworksBuildPhase;
			buildActionMask = 2147483647;
			files = (
			);
			runOnlyForDeploymentPostprocessing = 0;
		};
		898CB73628550057008C8B47 /* Frameworks */ = {
			isa = PBXFrameworksBuildPhase;
			buildActionMask = 2147483647;
			files = (
			);
			runOnlyForDeploymentPostprocessing = 0;
		};
/* End PBXFrameworksBuildPhase section */

/* Begin PBXGroup section */
		898CB71028550054008C8B47 = {
			isa = PBXGroup;
			children = (
				898CB71B28550054008C8B47 /* Pokedex */,
				898CB73228550057008C8B47 /* PokedexTests */,
				898CB73C28550057008C8B47 /* PokedexUITests */,
				898CB71A28550054008C8B47 /* Products */,
			);
			sourceTree = "<group>";
		};
		898CB71A28550054008C8B47 /* Products */ = {
			isa = PBXGroup;
			children = (
				898CB71928550054008C8B47 /* Pokedex.app */,
				898CB72F28550057008C8B47 /* PokedexTests.xctest */,
				898CB73928550057008C8B47 /* PokedexUITests.xctest */,
			);
			name = Products;
			sourceTree = "<group>";
		};
		898CB71B28550054008C8B47 /* Pokedex */ = {
			isa = PBXGroup;
			children = (
				898CB775285506D7008C8B47 /* Utils */,
				898CB774285506CC008C8B47 /* Extensions */,
				898CB7692855038C008C8B47 /* Model */,
				898CB759285501D6008C8B47 /* NetworkLayer */,
				898CB74C285500BB008C8B47 /* Main */,
				898CB77C28555C96008C8B47 /* PokemonDetail */,
				898CB71C28550054008C8B47 /* AppDelegate.swift */,
				898CB71E28550054008C8B47 /* SceneDelegate.swift */,
				898CB72228550054008C8B47 /* Main.storyboard */,
				898CB72528550056008C8B47 /* Assets.xcassets */,
				898CB72728550056008C8B47 /* LaunchScreen.storyboard */,
				898CB72A28550056008C8B47 /* Info.plist */,
			);
			path = Pokedex;
			sourceTree = "<group>";
		};
		898CB73228550057008C8B47 /* PokedexTests */ = {
			isa = PBXGroup;
			children = (
				898CB73328550057008C8B47 /* PokedexTests.swift */,
			);
			path = PokedexTests;
			sourceTree = "<group>";
		};
		898CB73C28550057008C8B47 /* PokedexUITests */ = {
			isa = PBXGroup;
			children = (
				898CB73D28550057008C8B47 /* PokedexUITests.swift */,
				898CB73F28550057008C8B47 /* PokedexUITestsLaunchTests.swift */,
			);
			path = PokedexUITests;
			sourceTree = "<group>";
		};
		898CB74C285500BB008C8B47 /* Main */ = {
			isa = PBXGroup;
			children = (
				898CB76D285503DC008C8B47 /* cell */,
				898CB74D285500D8008C8B47 /* PokedexPresenter.swift */,
				898CB74E285500D8008C8B47 /* PokedexRouter.swift */,
				898CB74F285500D8008C8B47 /* PokedexViewController.swift */,
				898CB750285500D8008C8B47 /* PokedexProtocols.swift */,
				898CB751285500D8008C8B47 /* PokedexInteractor.swift */,
				898CB752285500D8008C8B47 /* PokedexViewController.xib */,
			);
			path = Main;
			sourceTree = "<group>";
		};
		898CB759285501D6008C8B47 /* NetworkLayer */ = {
			isa = PBXGroup;
			children = (
				898CB75D285501EB008C8B47 /* ApiClient.swift */,
				898CB75A285501EB008C8B47 /* ApiError.swift */,
				898CB75B285501EB008C8B47 /* Endpoint.swift */,
				898CB75C285501EB008C8B47 /* PokedexClient.swift */,
				898CB75E285501EB008C8B47 /* PokedexFeed.swift */,
			);
			path = NetworkLayer;
			sourceTree = "<group>";
		};
		898CB7692855038C008C8B47 /* Model */ = {
			isa = PBXGroup;
			children = (
				898CB76A2855039A008C8B47 /* PokedexResult.swift */,
				898CB78F2855606E008C8B47 /* PokemonDetail.swift */,
			);
			path = Model;
			sourceTree = "<group>";
		};
		898CB76D285503DC008C8B47 /* cell */ = {
			isa = PBXGroup;
			children = (
				898CB76E285503F3008C8B47 /* PokemonCollectionViewCell.swift */,
				898CB76F285503F3008C8B47 /* PokemonCollectionViewCell.xib */,
			);
			path = cell;
			sourceTree = "<group>";
		};
		898CB774285506CC008C8B47 /* Extensions */ = {
			isa = PBXGroup;
			children = (
				898CB776285506EB008C8B47 /* UIImageViewExtension.swift */,
			);
			path = Extensions;
			sourceTree = "<group>";
		};
		898CB775285506D7008C8B47 /* Utils */ = {
			isa = PBXGroup;
			children = (
				898CB77928550709008C8B47 /* ImageStore.swift */,
			);
			path = Utils;
			sourceTree = "<group>";
		};
		898CB77C28555C96008C8B47 /* PokemonDetail */ = {
			isa = PBXGroup;
			children = (
				898CB7992855B685008C8B47 /* DataSouceAndDelegate */,
				898CB7922855B459008C8B47 /* cell */,
				898CB77D28555D04008C8B47 /* PokemonDetailPresenter.swift */,
				898CB77E28555D04008C8B47 /* PokemonDetailRouter.swift */,
				898CB77F28555D04008C8B47 /* PokemonDetailViewController.swift */,
				898CB78028555D04008C8B47 /* PokemonDetailProtocols.swift */,
				898CB78128555D04008C8B47 /* PokemonDetailInteractor.swift */,
				898CB78228555D04008C8B47 /* PokemonDetailViewController.xib */,
			);
			path = PokemonDetail;
			sourceTree = "<group>";
		};
		898CB7922855B459008C8B47 /* cell */ = {
			isa = PBXGroup;
			children = (
				898CB7932855B471008C8B47 /* PokemonTypeCollectionViewCell.swift */,
				898CB7942855B471008C8B47 /* PokemonTypeCollectionViewCell.xib */,
			);
			path = cell;
			sourceTree = "<group>";
		};
		898CB7992855B685008C8B47 /* DataSouceAndDelegate */ = {
			isa = PBXGroup;
			children = (
				898CB79A2855B6F7008C8B47 /* TypesCollectionViewDataSource.swift */,
				898CB79D2855B70A008C8B47 /* TypesCollectionViewDelegate.swift */,
				898CB7A02855B81E008C8B47 /* TypesDelegate.swift */,
			);
			path = DataSouceAndDelegate;
			sourceTree = "<group>";
		};
/* End PBXGroup section */

/* Begin PBXNativeTarget section */
		898CB71828550054008C8B47 /* Pokedex */ = {
			isa = PBXNativeTarget;
			buildConfigurationList = 898CB74328550057008C8B47 /* Build configuration list for PBXNativeTarget "Pokedex" */;
			buildPhases = (
				898CB71528550054008C8B47 /* Sources */,
				898CB71628550054008C8B47 /* Frameworks */,
				898CB71728550054008C8B47 /* Resources */,
			);
			buildRules = (
			);
			dependencies = (
			);
			name = Pokedex;
			productName = Pokedex;
			productReference = 898CB71928550054008C8B47 /* Pokedex.app */;
			productType = "com.apple.product-type.application";
		};
		898CB72E28550057008C8B47 /* PokedexTests */ = {
			isa = PBXNativeTarget;
			buildConfigurationList = 898CB74628550057008C8B47 /* Build configuration list for PBXNativeTarget "PokedexTests" */;
			buildPhases = (
				898CB72B28550057008C8B47 /* Sources */,
				898CB72C28550057008C8B47 /* Frameworks */,
				898CB72D28550057008C8B47 /* Resources */,
			);
			buildRules = (
			);
			dependencies = (
				898CB73128550057008C8B47 /* PBXTargetDependency */,
			);
			name = PokedexTests;
			productName = PokedexTests;
			productReference = 898CB72F28550057008C8B47 /* PokedexTests.xctest */;
			productType = "com.apple.product-type.bundle.unit-test";
		};
		898CB73828550057008C8B47 /* PokedexUITests */ = {
			isa = PBXNativeTarget;
			buildConfigurationList = 898CB74928550057008C8B47 /* Build configuration list for PBXNativeTarget "PokedexUITests" */;
			buildPhases = (
				898CB73528550057008C8B47 /* Sources */,
				898CB73628550057008C8B47 /* Frameworks */,
				898CB73728550057008C8B47 /* Resources */,
			);
			buildRules = (
			);
			dependencies = (
				898CB73B28550057008C8B47 /* PBXTargetDependency */,
			);
			name = PokedexUITests;
			productName = PokedexUITests;
			productReference = 898CB73928550057008C8B47 /* PokedexUITests.xctest */;
			productType = "com.apple.product-type.bundle.ui-testing";
		};
/* End PBXNativeTarget section */

/* Begin PBXProject section */
		898CB71128550054008C8B47 /* Project object */ = {
			isa = PBXProject;
			attributes = {
				BuildIndependentTargetsInParallel = 1;
				LastSwiftUpdateCheck = 1310;
				LastUpgradeCheck = 1310;
				TargetAttributes = {
					898CB71828550054008C8B47 = {
						CreatedOnToolsVersion = 13.1;
					};
					898CB72E28550057008C8B47 = {
						CreatedOnToolsVersion = 13.1;
						TestTargetID = 898CB71828550054008C8B47;
					};
					898CB73828550057008C8B47 = {
						CreatedOnToolsVersion = 13.1;
						TestTargetID = 898CB71828550054008C8B47;
					};
				};
			};
			buildConfigurationList = 898CB71428550054008C8B47 /* Build configuration list for PBXProject "Pokedex" */;
			compatibilityVersion = "Xcode 13.0";
			developmentRegion = en;
			hasScannedForEncodings = 0;
			knownRegions = (
				en,
				Base,
			);
			mainGroup = 898CB71028550054008C8B47;
			productRefGroup = 898CB71A28550054008C8B47 /* Products */;
			projectDirPath = "";
			projectRoot = "";
			targets = (
				898CB71828550054008C8B47 /* Pokedex */,
				898CB72E28550057008C8B47 /* PokedexTests */,
				898CB73828550057008C8B47 /* PokedexUITests */,
			);
		};
/* End PBXProject section */

/* Begin PBXResourcesBuildPhase section */
		898CB71728550054008C8B47 /* Resources */ = {
			isa = PBXResourcesBuildPhase;
			buildActionMask = 2147483647;
			files = (
				898CB72928550056008C8B47 /* LaunchScreen.storyboard in Resources */,
				898CB7972855B471008C8B47 /* PokemonTypeCollectionViewCell.xib in Resources */,
				898CB758285500D8008C8B47 /* PokedexViewController.xib in Resources */,
				898CB72628550056008C8B47 /* Assets.xcassets in Resources */,
				898CB772285503F3008C8B47 /* PokemonCollectionViewCell.xib in Resources */,
				898CB72428550054008C8B47 /* Main.storyboard in Resources */,
				898CB78D28555D04008C8B47 /* PokemonDetailViewController.xib in Resources */,
			);
			runOnlyForDeploymentPostprocessing = 0;
		};
		898CB72D28550057008C8B47 /* Resources */ = {
			isa = PBXResourcesBuildPhase;
			buildActionMask = 2147483647;
			files = (
				898CB7982855B471008C8B47 /* PokemonTypeCollectionViewCell.xib in Resources */,
				898CB773285503F3008C8B47 /* PokemonCollectionViewCell.xib in Resources */,
				898CB78E28555D04008C8B47 /* PokemonDetailViewController.xib in Resources */,
			);
			runOnlyForDeploymentPostprocessing = 0;
		};
		898CB73728550057008C8B47 /* Resources */ = {
			isa = PBXResourcesBuildPhase;
			buildActionMask = 2147483647;
			files = (
			);
			runOnlyForDeploymentPostprocessing = 0;
		};
/* End PBXResourcesBuildPhase section */

/* Begin PBXSourcesBuildPhase section */
		898CB71528550054008C8B47 /* Sources */ = {
			isa = PBXSourcesBuildPhase;
			buildActionMask = 2147483647;
			files = (
				898CB7902855606E008C8B47 /* PokemonDetail.swift in Sources */,
				898CB765285501EC008C8B47 /* ApiClient.swift in Sources */,
				898CB756285500D8008C8B47 /* PokedexProtocols.swift in Sources */,
				898CB761285501EB008C8B47 /* Endpoint.swift in Sources */,
				898CB78528555D04008C8B47 /* PokemonDetailRouter.swift in Sources */,
				898CB79B2855B6F7008C8B47 /* TypesCollectionViewDataSource.swift in Sources */,
				898CB754285500D8008C8B47 /* PokedexRouter.swift in Sources */,
				898CB78328555D04008C8B47 /* PokemonDetailPresenter.swift in Sources */,
				898CB753285500D8008C8B47 /* PokedexPresenter.swift in Sources */,
				898CB777285506EB008C8B47 /* UIImageViewExtension.swift in Sources */,
				898CB755285500D8008C8B47 /* PokedexViewController.swift in Sources */,
				898CB7952855B471008C8B47 /* PokemonTypeCollectionViewCell.swift in Sources */,
				898CB7A12855B81E008C8B47 /* TypesDelegate.swift in Sources */,
				898CB76B2855039A008C8B47 /* PokedexResult.swift in Sources */,
				898CB757285500D8008C8B47 /* PokedexInteractor.swift in Sources */,
				898CB75F285501EB008C8B47 /* ApiError.swift in Sources */,
				898CB763285501EB008C8B47 /* PokedexClient.swift in Sources */,
				898CB79E2855B70A008C8B47 /* TypesCollectionViewDelegate.swift in Sources */,
				898CB77A28550709008C8B47 /* ImageStore.swift in Sources */,
				898CB78728555D04008C8B47 /* PokemonDetailViewController.swift in Sources */,
				898CB770285503F3008C8B47 /* PokemonCollectionViewCell.swift in Sources */,
				898CB78928555D04008C8B47 /* PokemonDetailProtocols.swift in Sources */,
				898CB71D28550054008C8B47 /* AppDelegate.swift in Sources */,
				898CB767285501EC008C8B47 /* PokedexFeed.swift in Sources */,
				898CB71F28550054008C8B47 /* SceneDelegate.swift in Sources */,
				898CB78B28555D04008C8B47 /* PokemonDetailInteractor.swift in Sources */,
			);
			runOnlyForDeploymentPostprocessing = 0;
		};
		898CB72B28550057008C8B47 /* Sources */ = {
			isa = PBXSourcesBuildPhase;
			buildActionMask = 2147483647;
			files = (
				898CB78828555D04008C8B47 /* PokemonDetailViewController.swift in Sources */,
				898CB73428550057008C8B47 /* PokedexTests.swift in Sources */,
				898CB7A22855B81E008C8B47 /* TypesDelegate.swift in Sources */,
				898CB762285501EB008C8B47 /* Endpoint.swift in Sources */,
				898CB78428555D04008C8B47 /* PokemonDetailPresenter.swift in Sources */,
				898CB771285503F3008C8B47 /* PokemonCollectionViewCell.swift in Sources */,
				898CB78C28555D04008C8B47 /* PokemonDetailInteractor.swift in Sources */,
				898CB7962855B471008C8B47 /* PokemonTypeCollectionViewCell.swift in Sources */,
				898CB77B28550709008C8B47 /* ImageStore.swift in Sources */,
				898CB760285501EB008C8B47 /* ApiError.swift in Sources */,
				898CB76C2855039A008C8B47 /* PokedexResult.swift in Sources */,
				898CB78A28555D04008C8B47 /* PokemonDetailProtocols.swift in Sources */,
				898CB7912855606E008C8B47 /* PokemonDetail.swift in Sources */,
				898CB778285506EB008C8B47 /* UIImageViewExtension.swift in Sources */,
				898CB764285501EB008C8B47 /* PokedexClient.swift in Sources */,
				898CB78628555D04008C8B47 /* PokemonDetailRouter.swift in Sources */,
				898CB768285501EC008C8B47 /* PokedexFeed.swift in Sources */,
				898CB79F2855B70A008C8B47 /* TypesCollectionViewDelegate.swift in Sources */,
				898CB766285501EC008C8B47 /* ApiClient.swift in Sources */,
				898CB79C2855B6F7008C8B47 /* TypesCollectionViewDataSource.swift in Sources */,
			);
			runOnlyForDeploymentPostprocessing = 0;
		};
		898CB73528550057008C8B47 /* Sources */ = {
			isa = PBXSourcesBuildPhase;
			buildActionMask = 2147483647;
			files = (
				898CB73E28550057008C8B47 /* PokedexUITests.swift in Sources */,
				898CB74028550057008C8B47 /* PokedexUITestsLaunchTests.swift in Sources */,
			);
			runOnlyForDeploymentPostprocessing = 0;
		};
/* End PBXSourcesBuildPhase section */

/* Begin PBXTargetDependency section */
		898CB73128550057008C8B47 /* PBXTargetDependency */ = {
			isa = PBXTargetDependency;
			target = 898CB71828550054008C8B47 /* Pokedex */;
			targetProxy = 898CB73028550057008C8B47 /* PBXContainerItemProxy */;
		};
		898CB73B28550057008C8B47 /* PBXTargetDependency */ = {
			isa = PBXTargetDependency;
			target = 898CB71828550054008C8B47 /* Pokedex */;
			targetProxy = 898CB73A28550057008C8B47 /* PBXContainerItemProxy */;
		};
/* End PBXTargetDependency section */

/* Begin PBXVariantGroup section */
		898CB72228550054008C8B47 /* Main.storyboard */ = {
			isa = PBXVariantGroup;
			children = (
				898CB72328550054008C8B47 /* Base */,
			);
			name = Main.storyboard;
			sourceTree = "<group>";
		};
		898CB72728550056008C8B47 /* LaunchScreen.storyboard */ = {
			isa = PBXVariantGroup;
			children = (
				898CB72828550056008C8B47 /* Base */,
			);
			name = LaunchScreen.storyboard;
			sourceTree = "<group>";
		};
/* End PBXVariantGroup section */

/* Begin XCBuildConfiguration section */
		898CB74128550057008C8B47 /* Debug */ = {
			isa = XCBuildConfiguration;
			buildSettings = {
				ALWAYS_SEARCH_USER_PATHS = NO;
				CLANG_ANALYZER_NONNULL = YES;
				CLANG_ANALYZER_NUMBER_OBJECT_CONVERSION = YES_AGGRESSIVE;
				CLANG_CXX_LANGUAGE_STANDARD = "gnu++17";
				CLANG_CXX_LIBRARY = "libc++";
				CLANG_ENABLE_MODULES = YES;
				CLANG_ENABLE_OBJC_ARC = YES;
				CLANG_ENABLE_OBJC_WEAK = YES;
				CLANG_WARN_BLOCK_CAPTURE_AUTORELEASING = YES;
				CLANG_WARN_BOOL_CONVERSION = YES;
				CLANG_WARN_COMMA = YES;
				CLANG_WARN_CONSTANT_CONVERSION = YES;
				CLANG_WARN_DEPRECATED_OBJC_IMPLEMENTATIONS = YES;
				CLANG_WARN_DIRECT_OBJC_ISA_USAGE = YES_ERROR;
				CLANG_WARN_DOCUMENTATION_COMMENTS = YES;
				CLANG_WARN_EMPTY_BODY = YES;
				CLANG_WARN_ENUM_CONVERSION = YES;
				CLANG_WARN_INFINITE_RECURSION = YES;
				CLANG_WARN_INT_CONVERSION = YES;
				CLANG_WARN_NON_LITERAL_NULL_CONVERSION = YES;
				CLANG_WARN_OBJC_IMPLICIT_RETAIN_SELF = YES;
				CLANG_WARN_OBJC_LITERAL_CONVERSION = YES;
				CLANG_WARN_OBJC_ROOT_CLASS = YES_ERROR;
				CLANG_WARN_QUOTED_INCLUDE_IN_FRAMEWORK_HEADER = YES;
				CLANG_WARN_RANGE_LOOP_ANALYSIS = YES;
				CLANG_WARN_STRICT_PROTOTYPES = YES;
				CLANG_WARN_SUSPICIOUS_MOVE = YES;
				CLANG_WARN_UNGUARDED_AVAILABILITY = YES_AGGRESSIVE;
				CLANG_WARN_UNREACHABLE_CODE = YES;
				CLANG_WARN__DUPLICATE_METHOD_MATCH = YES;
				COPY_PHASE_STRIP = NO;
				DEBUG_INFORMATION_FORMAT = dwarf;
				ENABLE_STRICT_OBJC_MSGSEND = YES;
				ENABLE_TESTABILITY = YES;
				GCC_C_LANGUAGE_STANDARD = gnu11;
				GCC_DYNAMIC_NO_PIC = NO;
				GCC_NO_COMMON_BLOCKS = YES;
				GCC_OPTIMIZATION_LEVEL = 0;
				GCC_PREPROCESSOR_DEFINITIONS = (
					"DEBUG=1",
					"$(inherited)",
				);
				GCC_WARN_64_TO_32_BIT_CONVERSION = YES;
				GCC_WARN_ABOUT_RETURN_TYPE = YES_ERROR;
				GCC_WARN_UNDECLARED_SELECTOR = YES;
				GCC_WARN_UNINITIALIZED_AUTOS = YES_AGGRESSIVE;
				GCC_WARN_UNUSED_FUNCTION = YES;
				GCC_WARN_UNUSED_VARIABLE = YES;
				IPHONEOS_DEPLOYMENT_TARGET = 15.0;
				MTL_ENABLE_DEBUG_INFO = INCLUDE_SOURCE;
				MTL_FAST_MATH = YES;
				ONLY_ACTIVE_ARCH = YES;
				SDKROOT = iphoneos;
				SWIFT_ACTIVE_COMPILATION_CONDITIONS = DEBUG;
				SWIFT_OPTIMIZATION_LEVEL = "-Onone";
			};
			name = Debug;
		};
		898CB74228550057008C8B47 /* Release */ = {
			isa = XCBuildConfiguration;
			buildSettings = {
				ALWAYS_SEARCH_USER_PATHS = NO;
				CLANG_ANALYZER_NONNULL = YES;
				CLANG_ANALYZER_NUMBER_OBJECT_CONVERSION = YES_AGGRESSIVE;
				CLANG_CXX_LANGUAGE_STANDARD = "gnu++17";
				CLANG_CXX_LIBRARY = "libc++";
				CLANG_ENABLE_MODULES = YES;
				CLANG_ENABLE_OBJC_ARC = YES;
				CLANG_ENABLE_OBJC_WEAK = YES;
				CLANG_WARN_BLOCK_CAPTURE_AUTORELEASING = YES;
				CLANG_WARN_BOOL_CONVERSION = YES;
				CLANG_WARN_COMMA = YES;
				CLANG_WARN_CONSTANT_CONVERSION = YES;
				CLANG_WARN_DEPRECATED_OBJC_IMPLEMENTATIONS = YES;
				CLANG_WARN_DIRECT_OBJC_ISA_USAGE = YES_ERROR;
				CLANG_WARN_DOCUMENTATION_COMMENTS = YES;
				CLANG_WARN_EMPTY_BODY = YES;
				CLANG_WARN_ENUM_CONVERSION = YES;
				CLANG_WARN_INFINITE_RECURSION = YES;
				CLANG_WARN_INT_CONVERSION = YES;
				CLANG_WARN_NON_LITERAL_NULL_CONVERSION = YES;
				CLANG_WARN_OBJC_IMPLICIT_RETAIN_SELF = YES;
				CLANG_WARN_OBJC_LITERAL_CONVERSION = YES;
				CLANG_WARN_OBJC_ROOT_CLASS = YES_ERROR;
				CLANG_WARN_QUOTED_INCLUDE_IN_FRAMEWORK_HEADER = YES;
				CLANG_WARN_RANGE_LOOP_ANALYSIS = YES;
				CLANG_WARN_STRICT_PROTOTYPES = YES;
				CLANG_WARN_SUSPICIOUS_MOVE = YES;
				CLANG_WARN_UNGUARDED_AVAILABILITY = YES_AGGRESSIVE;
				CLANG_WARN_UNREACHABLE_CODE = YES;
				CLANG_WARN__DUPLICATE_METHOD_MATCH = YES;
				COPY_PHASE_STRIP = NO;
				DEBUG_INFORMATION_FORMAT = "dwarf-with-dsym";
				ENABLE_NS_ASSERTIONS = NO;
				ENABLE_STRICT_OBJC_MSGSEND = YES;
				GCC_C_LANGUAGE_STANDARD = gnu11;
				GCC_NO_COMMON_BLOCKS = YES;
				GCC_WARN_64_TO_32_BIT_CONVERSION = YES;
				GCC_WARN_ABOUT_RETURN_TYPE = YES_ERROR;
				GCC_WARN_UNDECLARED_SELECTOR = YES;
				GCC_WARN_UNINITIALIZED_AUTOS = YES_AGGRESSIVE;
				GCC_WARN_UNUSED_FUNCTION = YES;
				GCC_WARN_UNUSED_VARIABLE = YES;
				IPHONEOS_DEPLOYMENT_TARGET = 15.0;
				MTL_ENABLE_DEBUG_INFO = NO;
				MTL_FAST_MATH = YES;
				SDKROOT = iphoneos;
				SWIFT_COMPILATION_MODE = wholemodule;
				SWIFT_OPTIMIZATION_LEVEL = "-O";
				VALIDATE_PRODUCT = YES;
			};
			name = Release;
		};
		898CB74428550057008C8B47 /* Debug */ = {
			isa = XCBuildConfiguration;
			buildSettings = {
				ASSETCATALOG_COMPILER_APPICON_NAME = AppIcon;
				ASSETCATALOG_COMPILER_GLOBAL_ACCENT_COLOR_NAME = AccentColor;
				CODE_SIGN_STYLE = Automatic;
				CURRENT_PROJECT_VERSION = 1;
				GENERATE_INFOPLIST_FILE = YES;
				INFOPLIST_FILE = Pokedex/Info.plist;
				INFOPLIST_KEY_UIApplicationSupportsIndirectInputEvents = YES;
				INFOPLIST_KEY_UILaunchStoryboardName = LaunchScreen;
				INFOPLIST_KEY_UISupportedInterfaceOrientations_iPad = "UIInterfaceOrientationPortrait UIInterfaceOrientationPortraitUpsideDown UIInterfaceOrientationLandscapeLeft UIInterfaceOrientationLandscapeRight";
				INFOPLIST_KEY_UISupportedInterfaceOrientations_iPhone = "UIInterfaceOrientationPortrait UIInterfaceOrientationLandscapeLeft UIInterfaceOrientationLandscapeRight";
				LD_RUNPATH_SEARCH_PATHS = (
					"$(inherited)",
					"@executable_path/Frameworks",
				);
				MARKETING_VERSION = 1.0;
				PRODUCT_BUNDLE_IDENTIFIER = pokedex.mtorres.com.mx.Pokedex;
				PRODUCT_NAME = "$(TARGET_NAME)";
				SWIFT_EMIT_LOC_STRINGS = YES;
				SWIFT_VERSION = 5.0;
				TARGETED_DEVICE_FAMILY = "1,2";
			};
			name = Debug;
		};
		898CB74528550057008C8B47 /* Release */ = {
			isa = XCBuildConfiguration;
			buildSettings = {
				ASSETCATALOG_COMPILER_APPICON_NAME = AppIcon;
				ASSETCATALOG_COMPILER_GLOBAL_ACCENT_COLOR_NAME = AccentColor;
				CODE_SIGN_STYLE = Automatic;
				CURRENT_PROJECT_VERSION = 1;
				GENERATE_INFOPLIST_FILE = YES;
				INFOPLIST_FILE = Pokedex/Info.plist;
				INFOPLIST_KEY_UIApplicationSupportsIndirectInputEvents = YES;
				INFOPLIST_KEY_UILaunchStoryboardName = LaunchScreen;
				INFOPLIST_KEY_UISupportedInterfaceOrientations_iPad = "UIInterfaceOrientationPortrait UIInterfaceOrientationPortraitUpsideDown UIInterfaceOrientationLandscapeLeft UIInterfaceOrientationLandscapeRight";
				INFOPLIST_KEY_UISupportedInterfaceOrientations_iPhone = "UIInterfaceOrientationPortrait UIInterfaceOrientationLandscapeLeft UIInterfaceOrientationLandscapeRight";
				LD_RUNPATH_SEARCH_PATHS = (
					"$(inherited)",
					"@executable_path/Frameworks",
				);
				MARKETING_VERSION = 1.0;
				PRODUCT_BUNDLE_IDENTIFIER = pokedex.mtorres.com.mx.Pokedex;
				PRODUCT_NAME = "$(TARGET_NAME)";
				SWIFT_EMIT_LOC_STRINGS = YES;
				SWIFT_VERSION = 5.0;
				TARGETED_DEVICE_FAMILY = "1,2";
			};
			name = Release;
		};
		898CB74728550057008C8B47 /* Debug */ = {
			isa = XCBuildConfiguration;
			buildSettings = {
				ALWAYS_EMBED_SWIFT_STANDARD_LIBRARIES = YES;
				BUNDLE_LOADER = "$(TEST_HOST)";
				CODE_SIGN_STYLE = Automatic;
				CURRENT_PROJECT_VERSION = 1;
				GENERATE_INFOPLIST_FILE = YES;
				IPHONEOS_DEPLOYMENT_TARGET = 15.0;
				LD_RUNPATH_SEARCH_PATHS = (
					"$(inherited)",
					"@executable_path/Frameworks",
					"@loader_path/Frameworks",
				);
				MARKETING_VERSION = 1.0;
				PRODUCT_BUNDLE_IDENTIFIER = pokedex.mtorres.com.mx.PokedexTests;
				PRODUCT_NAME = "$(TARGET_NAME)";
				SWIFT_EMIT_LOC_STRINGS = NO;
				SWIFT_VERSION = 5.0;
				TARGETED_DEVICE_FAMILY = "1,2";
				TEST_HOST = "$(BUILT_PRODUCTS_DIR)/Pokedex.app/Pokedex";
			};
			name = Debug;
		};
		898CB74828550057008C8B47 /* Release */ = {
			isa = XCBuildConfiguration;
			buildSettings = {
				ALWAYS_EMBED_SWIFT_STANDARD_LIBRARIES = YES;
				BUNDLE_LOADER = "$(TEST_HOST)";
				CODE_SIGN_STYLE = Automatic;
				CURRENT_PROJECT_VERSION = 1;
				GENERATE_INFOPLIST_FILE = YES;
				IPHONEOS_DEPLOYMENT_TARGET = 15.0;
				LD_RUNPATH_SEARCH_PATHS = (
					"$(inherited)",
					"@executable_path/Frameworks",
					"@loader_path/Frameworks",
				);
				MARKETING_VERSION = 1.0;
				PRODUCT_BUNDLE_IDENTIFIER = pokedex.mtorres.com.mx.PokedexTests;
				PRODUCT_NAME = "$(TARGET_NAME)";
				SWIFT_EMIT_LOC_STRINGS = NO;
				SWIFT_VERSION = 5.0;
				TARGETED_DEVICE_FAMILY = "1,2";
				TEST_HOST = "$(BUILT_PRODUCTS_DIR)/Pokedex.app/Pokedex";
			};
			name = Release;
		};
		898CB74A28550057008C8B47 /* Debug */ = {
			isa = XCBuildConfiguration;
			buildSettings = {
				ALWAYS_EMBED_SWIFT_STANDARD_LIBRARIES = YES;
				CODE_SIGN_STYLE = Automatic;
				CURRENT_PROJECT_VERSION = 1;
				GENERATE_INFOPLIST_FILE = YES;
				LD_RUNPATH_SEARCH_PATHS = (
					"$(inherited)",
					"@executable_path/Frameworks",
					"@loader_path/Frameworks",
				);
				MARKETING_VERSION = 1.0;
				PRODUCT_BUNDLE_IDENTIFIER = pokedex.mtorres.com.mx.PokedexUITests;
				PRODUCT_NAME = "$(TARGET_NAME)";
				SWIFT_EMIT_LOC_STRINGS = NO;
				SWIFT_VERSION = 5.0;
				TARGETED_DEVICE_FAMILY = "1,2";
				TEST_TARGET_NAME = Pokedex;
			};
			name = Debug;
		};
		898CB74B28550057008C8B47 /* Release */ = {
			isa = XCBuildConfiguration;
			buildSettings = {
				ALWAYS_EMBED_SWIFT_STANDARD_LIBRARIES = YES;
				CODE_SIGN_STYLE = Automatic;
				CURRENT_PROJECT_VERSION = 1;
				GENERATE_INFOPLIST_FILE = YES;
				LD_RUNPATH_SEARCH_PATHS = (
					"$(inherited)",
					"@executable_path/Frameworks",
					"@loader_path/Frameworks",
				);
				MARKETING_VERSION = 1.0;
				PRODUCT_BUNDLE_IDENTIFIER = pokedex.mtorres.com.mx.PokedexUITests;
				PRODUCT_NAME = "$(TARGET_NAME)";
				SWIFT_EMIT_LOC_STRINGS = NO;
				SWIFT_VERSION = 5.0;
				TARGETED_DEVICE_FAMILY = "1,2";
				TEST_TARGET_NAME = Pokedex;
			};
			name = Release;
		};
/* End XCBuildConfiguration section */

/* Begin XCConfigurationList section */
		898CB71428550054008C8B47 /* Build configuration list for PBXProject "Pokedex" */ = {
			isa = XCConfigurationList;
			buildConfigurations = (
				898CB74128550057008C8B47 /* Debug */,
				898CB74228550057008C8B47 /* Release */,
			);
			defaultConfigurationIsVisible = 0;
			defaultConfigurationName = Release;
		};
		898CB74328550057008C8B47 /* Build configuration list for PBXNativeTarget "Pokedex" */ = {
			isa = XCConfigurationList;
			buildConfigurations = (
				898CB74428550057008C8B47 /* Debug */,
				898CB74528550057008C8B47 /* Release */,
			);
			defaultConfigurationIsVisible = 0;
			defaultConfigurationName = Release;
		};
		898CB74628550057008C8B47 /* Build configuration list for PBXNativeTarget "PokedexTests" */ = {
			isa = XCConfigurationList;
			buildConfigurations = (
				898CB74728550057008C8B47 /* Debug */,
				898CB74828550057008C8B47 /* Release */,
			);
			defaultConfigurationIsVisible = 0;
			defaultConfigurationName = Release;
		};
		898CB74928550057008C8B47 /* Build configuration list for PBXNativeTarget "PokedexUITests" */ = {
			isa = XCConfigurationList;
			buildConfigurations = (
				898CB74A28550057008C8B47 /* Debug */,
				898CB74B28550057008C8B47 /* Release */,
			);
			defaultConfigurationIsVisible = 0;
			defaultConfigurationName = Release;
		};
/* End XCConfigurationList section */
	};
	rootObject = 898CB71128550054008C8B47 /* Project object */;
}
